{"is_source_file": false, "format": "", "description": "", "external_files": [], "external_methods": [], "published": [], "classes": [], "methods": [], "calls": [], "search-terms": [], "state": 2, "file_id": 4, "knowledge_revision": 7, "git_revision": "b04089294aabd524304860b474d4faa8902a351a", "hash": "b7eea264a73aebd06432ef6588eb3d52", "format-version": 4, "code-base-name": "default", "filename": "golfmaster_pro/post_process_status.lock", "revision_history": [{"7": "b04089294aabd524304860b474d4faa8902a351a"}]}